
Microsoft Visual Studio Solution File, Format Version 12.00
# Visual Studio Version 17
VisualStudioVersion = 17.4.33213.308
MinimumVisualStudioVersion = 10.0.40219.1
Project("{FAE04EC0-301F-11D3-BF4B-00C04F79EFBC}") = "ToDoList_Console", "ToDoList_Console\ToDoList_Console.csproj", "{D4429300-48BC-455C-AF1C-CD62C7FF542F}"
EndProject
Global
	GlobalSection(SolutionConfigurationPlatforms) = preSolution
		Debug|Any CPU = Debug|Any CPU
		Release|Any CPU = Release|Any CPU
	EndGlobalSection
	GlobalSection(ProjectConfigurationPlatforms) = postSolution
		{D4429300-48BC-455C-AF1C-CD62C7FF542F}.Debug|Any CPU.ActiveCfg = Debug|Any CPU
		{D4429300-48BC-455C-AF1C-CD62C7FF542F}.Debug|Any CPU.Build.0 = Debug|Any CPU
		{D4429300-48BC-455C-AF1C-CD62C7FF542F}.Release|Any CPU.ActiveCfg = Release|Any CPU
		{D4429300-48BC-455C-AF1C-CD62C7FF542F}.Release|Any CPU.Build.0 = Release|Any CPU
	EndGlobalSection
	GlobalSection(SolutionProperties) = preSolution
		HideSolutionNode = FALSE
	EndGlobalSection
	GlobalSection(ExtensibilityGlobals) = postSolution
		SolutionGuid = {B7682B7E-0398-405F-A4F1-F2EF8D90BB73}
	EndGlobalSection
EndGlobal
